{
    "_meta": {
        "hash": {
            "sha256": "691b3fdfde7a535ad91f12396eb74b3e405ddb16de1b4a1c3d70c93891b13f85"
        },
        "pipfile-spec": 6,
        "requires": {
            "python_version": "3.8"
        },
        "sources": [
            {
                "name": "pypi",
                "url": "https://pypi.org/simple",
                "verify_ssl": true
            }
        ]
    },
    "default": {
        "azure-core": {
            "hashes": [
                "sha256:621b53271f7988b766f8a7d7f7a2c44241e3d2c1d8db13e68089d6da6241748e",
                "sha256:be23d411e19874f375c2ef0327c452be10b1e9a1023ac6afe334598f2920136b"
            ],
            "version": "==1.8.2"
        },
        "azure-eventhub": {
            "hashes": [
                "sha256:4eb40bc2531c0c2a6a84fda6fbcabdcebdbf2d89c198973af79130f5ef6adbeb",
                "sha256:57784f0bd59fe9c5addc67d57cd55260a4d900ec3685d4553d78f0d2bd9ba5e0"
            ],
            "index": "pypi",
            "version": "==5.2.0"
        },
        "certifi": {
            "hashes": [
                "sha256:5930595817496dd21bb8dc35dad090f1c2cd0adfaf21204bf6732ca5d8ee34d3",
                "sha256:8fc0819f1f30ba15bdb34cceffb9ef04d99f420f68eb75d901e9560b8749fc41"
            ],
            "version": "==2020.6.20"
        },
        "chardet": {
            "hashes": [
                "sha256:84ab92ed1c4d4f16916e05906b6b75a6c0fb5db821cc65e70cbd64a3e2a5eaae",
                "sha256:fc323ffcaeaed0e0a02bf4d117757b98aed530d9ed4531e3e15460124c106691"
            ],
            "version": "==3.0.4"
        },
        "idna": {
            "hashes": [
                "sha256:b307872f855b18632ce0c21c5e45be78c0ea7ae4c15c828c20788b26921eb3f6",
                "sha256:b97d804b1e9b523befed77c48dacec60e6dcb0b5391d57af6a65a312a90648c0"
            ],
            "markers": "python_version >= '2.7' and python_version not in '3.0, 3.1, 3.2, 3.3'",
            "version": "==2.10"
        },
        "paho-mqtt": {
            "hashes": [
                "sha256:9feb068e822be7b3a116324e01fb6028eb1d66412bf98595ae72698965cb1cae"
            ],
            "index": "pypi",
            "version": "==1.5.1"
        },
        "requests": {
            "hashes": [
                "sha256:b3559a131db72c33ee969480840fff4bb6dd111de7dd27c8ee1f820f4f00231b",
                "sha256:fe75cc94a9443b9246fc7049224f75604b113c36acb93f87b80ed42c44cbb898"
            ],
            "markers": "python_version >= '2.7' and python_version not in '3.0, 3.1, 3.2, 3.3, 3.4'",
            "version": "==2.24.0"
        },
        "six": {
            "hashes": [
                "sha256:30639c035cdb23534cd4aa2dd52c3bf48f06e5f4a941509c8bafd8ce11080259",
                "sha256:8b74bedcbbbaca38ff6d7491d76f2b06b3592611af620f8426e82dddb04a5ced"
            ],
            "markers": "python_version >= '2.7' and python_version not in '3.0, 3.1, 3.2, 3.3'",
            "version": "==1.15.0"
        },
        "uamqp": {
            "hashes": [
                "sha256:027a0c36c890091b5c9eb0161529b613007bd9ada2bdca7336af07303ce243a9",
                "sha256:0eab1c5179fad2e6d6b443154220c9133fbf779bb245f5e1acc7f541a78aa2e3",
                "sha256:25949bf78dbd9890fa5405adf43b9201665eec7058e423202be21265837400fc",
                "sha256:2d84acd713a9707dce19bcb40f145b429fee6b89f4e10738a2d2ff36ab4af535",
                "sha256:3473c5755557fdf9d064156c5af8fd83a4bd403e10dd942c6a36a402c3952a08",
                "sha256:366a5bcd05acf96c160555a1367f2ed11bcfc442fdb598a74a57c0da66f86378",
                "sha256:3b6ff4f03cd1cc92937b469c9e120f7223a5e799960eb640bc6a36fb0cfb096c",
                "sha256:3e67ca26654f34f4c4ec1234b41a22139cbac13b3d3f6fdbf0cbb0b4ac40e585",
                "sha256:5e4d220eb76e307c2ad22f49d95ee9c974a4a8017c85fc2943b0df2da2ee6895",
                "sha256:6d31a9685e4cdb9ffd44f7bc4c5870a7bb48d9380f8425fde31a2983d6899f4a",
                "sha256:74b68c0858f8974356adf9ce181dd3aec2dc6f2e12572c34eed8783d486bc024",
                "sha256:760c9a9c75a079d7fd70c41def6ffd7692a1817a5460425182d1d009ed19fd24",
                "sha256:7884c2168de62b4bf064af36df8d0a3bee9d2198d660c8dbbcc2f7ac60b9496d",
                "sha256:7a0b2f4efa01e0487bdb0652037ea7ad38d580009ecb8645b90d75630dc7ba34",
                "sha256:808fed9d9791bdbc05291b6c5eccf4e4932629b347b6744d76f6b4e6b63f8ab2",
                "sha256:818e8d210b59f80daa39505feb17b9200be8981516e806ecc3907ea4f3381a99",
                "sha256:85852f054de604a8d632a24afdc004d4e600e2cb9c476714de58c24bb708a75d",
                "sha256:97eae4e7b733a5f6abc90e7877f3d8797e61d44dff506f09f63b198b25ab3a66",
                "sha256:a33bed596e1ef7694d00327d55cf1c791a4b7b2cb171717549c37f90dc70d30d",
                "sha256:a7e764bfaf5d81fc756f987c7a037775d88caaa6b2d604fca4e64fc5fa6f3f66",
                "sha256:a9fd2bee3d0b2bed1bf513b39ae2c76b0bddb637593eed3caa06339ba9c42f64",
                "sha256:abd5f48b557252fc421a8a8ecb5cd8e2990913eaa482ae1a16e4d949fcac8d50",
                "sha256:b218907352147b060e8d782778869f69f9cfdc76c09f5d986a316f75a0cc5de6",
                "sha256:c34a65d36bbe5185225e419ff85585dd89a15958d60b7a4fbac5b0908380f087",
                "sha256:c6657f1d8aae566b89d02c6282827dddcec2a90f75dc0d2d91a47e00c8999d99",
                "sha256:c6c57628c9185da5adefe44ae74f1f3078450847800f13e0216bae4d52170703",
                "sha256:ce4b47c4f6101933a9dc6d87717c85240e4d68a17e3f967ed790a7cd19c57a51",
                "sha256:d1e1542241ea0fa8f3e18c4bf3788e2f0a2d1f9379094d6dca3de297c3082c17",
                "sha256:dcc9e17206c236fff2ba50cd80cc60a095000854d40c1b0dba180b3f22e6778e",
                "sha256:e067ca5459490676242909d7fa300ce48ab59a3b718bc80838e67294f0941225",
                "sha256:f5d360be35f2ebad97d5d76adc9a5792204ecad86334fe7e9be2faa184e94d06",
                "sha256:f85643a2a509f01134aed11974b5331e7302bd2c319527bdd0b19033d0d26c57",
                "sha256:ff8b6ece15f55f778e313e59e719c9d4981f40c720ffd3764957b91ab8b4a248"
            ],
            "markers": "python_version >= '2.7' and python_version not in '3.0, 3.1, 3.2, 3.3'",
            "version": "==1.2.12"
        },
        "urllib3": {
            "hashes": [
                "sha256:91056c15fa70756691db97756772bb1eb9678fa585d9184f24534b100dc60f4a",
                "sha256:e7983572181f5e1522d9c98453462384ee92a0be7fac5f1413a1e35c56cc0461"
            ],
            "markers": "python_version >= '2.7' and python_version not in '3.0, 3.1, 3.2, 3.3, 3.4' and python_version < '4'",
            "version": "==1.25.10"
        }
    },
    "develop": {}
}
